
Microsoft Visual Studio Solution File, Format Version 12.00
# Visual Studio Version 17
VisualStudioVersion = 17.10.35201.131
MinimumVisualStudioVersion = 10.0.40219.1
Project("{9A19103F-16F7-4668-BE54-9A1E7A4F7556}") = "API", "API\API.csproj", "{6A9BFC9C-00D4-4AF5-8928-F3458CCF7F0D}"
EndProject
Project("{9A19103F-16F7-4668-BE54-9A1E7A4F7556}") = "Application", "Application\Application.csproj", "{AAE6BA9D-8B4D-4046-B73B-1D8377F11888}"
EndProject
Project("{9A19103F-16F7-4668-BE54-9A1E7A4F7556}") = "Domain", "Domain\Domain.csproj", "{EB59BB90-277A-4DDC-AB1A-FB09F1C8B055}"
EndProject
Project("{9A19103F-16F7-4668-BE54-9A1E7A4F7556}") = "Infrastructure", "Infrastructure\Infrastructure.csproj", "{7C001A53-E7DC-4CE4-91CC-30FA1119D5FE}"
EndProject
Project("{2150E333-8FDC-42A3-9474-1A3956D46DE8}") = "src", "src", "{385D8946-13A2-4E07-A279-0789235834E3}"
	ProjectSection(SolutionItems) = preProject
		.postgres.env = .postgres.env
	EndProjectSection
EndProject
Project("{9A19103F-16F7-4668-BE54-9A1E7A4F7556}") = "Gryphon.IntegrationTests", "Gryphon.IntegrationTests\Gryphon.IntegrationTests.csproj", "{C4B1B931-FC9B-43A5-A1D0-A45E4F96D67E}"
EndProject
Project("{E53339B2-1760-4266-BCC7-CA923CBCF16C}") = "docker-compose", "docker-compose.dcproj", "{E8BB18E4-2000-4927-9644-53B499C9350E}"
EndProject
Global
	GlobalSection(SolutionConfigurationPlatforms) = preSolution
		Debug|Any CPU = Debug|Any CPU
		Release|Any CPU = Release|Any CPU
	EndGlobalSection
	GlobalSection(ProjectConfigurationPlatforms) = postSolution
		{6A9BFC9C-00D4-4AF5-8928-F3458CCF7F0D}.Debug|Any CPU.ActiveCfg = Debug|Any CPU
		{6A9BFC9C-00D4-4AF5-8928-F3458CCF7F0D}.Debug|Any CPU.Build.0 = Debug|Any CPU
		{6A9BFC9C-00D4-4AF5-8928-F3458CCF7F0D}.Release|Any CPU.ActiveCfg = Release|Any CPU
		{6A9BFC9C-00D4-4AF5-8928-F3458CCF7F0D}.Release|Any CPU.Build.0 = Release|Any CPU
		{AAE6BA9D-8B4D-4046-B73B-1D8377F11888}.Debug|Any CPU.ActiveCfg = Debug|Any CPU
		{AAE6BA9D-8B4D-4046-B73B-1D8377F11888}.Debug|Any CPU.Build.0 = Debug|Any CPU
		{AAE6BA9D-8B4D-4046-B73B-1D8377F11888}.Release|Any CPU.ActiveCfg = Release|Any CPU
		{AAE6BA9D-8B4D-4046-B73B-1D8377F11888}.Release|Any CPU.Build.0 = Release|Any CPU
		{EB59BB90-277A-4DDC-AB1A-FB09F1C8B055}.Debug|Any CPU.ActiveCfg = Debug|Any CPU
		{EB59BB90-277A-4DDC-AB1A-FB09F1C8B055}.Debug|Any CPU.Build.0 = Debug|Any CPU
		{EB59BB90-277A-4DDC-AB1A-FB09F1C8B055}.Release|Any CPU.ActiveCfg = Release|Any CPU
		{EB59BB90-277A-4DDC-AB1A-FB09F1C8B055}.Release|Any CPU.Build.0 = Release|Any CPU
		{7C001A53-E7DC-4CE4-91CC-30FA1119D5FE}.Debug|Any CPU.ActiveCfg = Debug|Any CPU
		{7C001A53-E7DC-4CE4-91CC-30FA1119D5FE}.Debug|Any CPU.Build.0 = Debug|Any CPU
		{7C001A53-E7DC-4CE4-91CC-30FA1119D5FE}.Release|Any CPU.ActiveCfg = Release|Any CPU
		{7C001A53-E7DC-4CE4-91CC-30FA1119D5FE}.Release|Any CPU.Build.0 = Release|Any CPU
		{C4B1B931-FC9B-43A5-A1D0-A45E4F96D67E}.Debug|Any CPU.ActiveCfg = Debug|Any CPU
		{C4B1B931-FC9B-43A5-A1D0-A45E4F96D67E}.Debug|Any CPU.Build.0 = Debug|Any CPU
		{C4B1B931-FC9B-43A5-A1D0-A45E4F96D67E}.Release|Any CPU.ActiveCfg = Release|Any CPU
		{C4B1B931-FC9B-43A5-A1D0-A45E4F96D67E}.Release|Any CPU.Build.0 = Release|Any CPU
		{E8BB18E4-2000-4927-9644-53B499C9350E}.Debug|Any CPU.ActiveCfg = Debug|Any CPU
		{E8BB18E4-2000-4927-9644-53B499C9350E}.Debug|Any CPU.Build.0 = Debug|Any CPU
		{E8BB18E4-2000-4927-9644-53B499C9350E}.Release|Any CPU.ActiveCfg = Release|Any CPU
		{E8BB18E4-2000-4927-9644-53B499C9350E}.Release|Any CPU.Build.0 = Release|Any CPU
	EndGlobalSection
	GlobalSection(SolutionProperties) = preSolution
		HideSolutionNode = FALSE
	EndGlobalSection
	GlobalSection(NestedProjects) = preSolution
		{6A9BFC9C-00D4-4AF5-8928-F3458CCF7F0D} = {385D8946-13A2-4E07-A279-0789235834E3}
		{AAE6BA9D-8B4D-4046-B73B-1D8377F11888} = {385D8946-13A2-4E07-A279-0789235834E3}
		{EB59BB90-277A-4DDC-AB1A-FB09F1C8B055} = {385D8946-13A2-4E07-A279-0789235834E3}
		{7C001A53-E7DC-4CE4-91CC-30FA1119D5FE} = {385D8946-13A2-4E07-A279-0789235834E3}
		{C4B1B931-FC9B-43A5-A1D0-A45E4F96D67E} = {385D8946-13A2-4E07-A279-0789235834E3}
	EndGlobalSection
	GlobalSection(ExtensibilityGlobals) = postSolution
		SolutionGuid = {97D92E27-A6B5-419F-A2CE-7E8D112D11F9}
	EndGlobalSection
EndGlobal
